dependencies:
  espressif/esp_websocket_client:
    component_hash: c5a067a9fddea370c478017e66fac302f4b79c3d4027e9bdd42a019786cceb92
    dependencies:
    - name: idf
      require: private
      version: '>=5.0'
    source:
      registry_url: https://components.espressif.com/
      type: service
    version: 1.6.1
  idf:
    source:
      type: idf
    version: 5.5.4
direct_dependencies:
- espressif/esp_websocket_client
manifest_hash: 9a9a525e4b418509f6112611eeaf97f797df83af8dcef7d1ab629dfc580d2a20
target: esp32s3
version: 2.0.0
